// !$*UTF8*$!
{
	archiveVersion = 1;
	classes = {
	};
	objectVersion = 46;
	objects = {

/* Begin PBXBuildFile section */
		1D3623260D0F684500981E51 /* RosyWriterAppDelegate.m in Sources */ = {isa = PBXBuildFile; fileRef = 1D3623250D0F684500981E51 /* RosyWriterAppDelegate.m */; };
		1D60589B0D05DD56006BFB54 /* main.m in Sources */ = {isa = PBXBuildFile; fileRef = 29B97316FDCFA39411CA2CEA /* main.m */; };
		1D60589F0D05DD5A006BFB54 /* Foundation.framework in Frameworks */ = {isa = PBXBuildFile; fileRef = 1D30AB110D05D00D00671497 /* Foundation.framework */; };
		1DF5F4E00D08C38300B7A737 /* UIKit.framework in Frameworks */ = {isa = PBXBuildFile; fileRef = 1DF5F4DF0D08C38300B7A737 /* UIKit.framework */; };
		26545D0812E6ACE0004BB151 /* AVFoundation.framework in Frameworks */ = {isa = PBXBuildFile; fileRef = 26545D0712E6ACE0004BB151 /* AVFoundation.framework */; };
		26545D0A12E6ACE0004BB151 /* CoreMedia.framework in Frameworks */ = {isa = PBXBuildFile; fileRef = 26545D0912E6ACE0004BB151 /* CoreMedia.framework */; };
		266059761325B7AB001A16FE /* AssetsLibrary.framework in Frameworks */ = {isa = PBXBuildFile; fileRef = 266059751325B7AB001A16FE /* AssetsLibrary.framework */; };
		267A775D133AA0E0005BCA26 /* QuartzCore.framework in Frameworks */ = {isa = PBXBuildFile; fileRef = 267A775C133AA0E0005BCA26 /* QuartzCore.framework */; };
		2694EA4112F8E712007D4CFF /* CoreVideo.framework in Frameworks */ = {isa = PBXBuildFile; fileRef = 2694EA4012F8E712007D4CFF /* CoreVideo.framework */; };
		26B0755913981396003A24D9 /* RosyWriterPreviewView.m in Sources */ = {isa = PBXBuildFile; fileRef = 26B0755813981396003A24D9 /* RosyWriterPreviewView.m */; };
		26B0755D13981497003A24D9 /* OpenGLES.framework in Frameworks */ = {isa = PBXBuildFile; fileRef = 26B0755C13981497003A24D9 /* OpenGLES.framework */; };
		26DC173912FA5289004340D7 /* MobileCoreServices.framework in Frameworks */ = {isa = PBXBuildFile; fileRef = 26DC173812FA5289004340D7 /* MobileCoreServices.framework */; };
		288765590DF743DE002DB57D /* CoreGraphics.framework in Frameworks */ = {isa = PBXBuildFile; fileRef = 288765580DF743DE002DB57D /* CoreGraphics.framework */; };
		289233AE0DB2D0DB0083E9F9 /* RosyWriterViewController.m in Sources */ = {isa = PBXBuildFile; fileRef = 289233A90DB2D0DB0083E9F9 /* RosyWriterViewController.m */; };
		AF2A5C021434ED1F007EF597 /* MainWindow.xib in Resources */ = {isa = PBXBuildFile; fileRef = AF2A5BFE1434ED1F007EF597 /* MainWindow.xib */; };
		AF2A5C031434ED1F007EF597 /* RosyWriterViewController.xib in Resources */ = {isa = PBXBuildFile; fileRef = AF2A5C001434ED1F007EF597 /* RosyWriterViewController.xib */; };
		AF928C10140C2AD300844BAD /* ShaderUtilities.c in Sources */ = {isa = PBXBuildFile; fileRef = AF928C0E140C2AD300844BAD /* ShaderUtilities.c */; };
		AFC35FDC13FEFC0A0043EAD6 /* passThrough.fsh in Resources */ = {isa = PBXBuildFile; fileRef = AFC35FDA13FEFC0A0043EAD6 /* passThrough.fsh */; };
		AFC35FDD13FEFC0A0043EAD6 /* passThrough.vsh in Resources */ = {isa = PBXBuildFile; fileRef = AFC35FDB13FEFC0A0043EAD6 /* passThrough.vsh */; };
		AFC35FE813FF35900043EAD6 /* RosyWriterVideoProcessor.m in Sources */ = {isa = PBXBuildFile; fileRef = AFC35FE713FF35900043EAD6 /* RosyWriterVideoProcessor.m */; };
		D91D28B0163F3014008EBFDB /* libvpx.a in Frameworks */ = {isa = PBXBuildFile; fileRef = D91D28AF163F3014008EBFDB /* libvpx.a */; };
		D91D28B7163F40A4008EBFDB /* AVEncoder.m in Sources */ = {isa = PBXBuildFile; fileRef = D91D28B6163F40A4008EBFDB /* AVEncoder.m */; };
		D91D28BB163F42EA008EBFDB /* AVAppleEncoder.m in Sources */ = {isa = PBXBuildFile; fileRef = D91D28BA163F42EA008EBFDB /* AVAppleEncoder.m */; };
		D96658231639DBA100F1BF7C /* FFVideoEncoder.m in Sources */ = {isa = PBXBuildFile; fileRef = D96658221639DBA100F1BF7C /* FFVideoEncoder.m */; };
		D96658281639E7BA00F1BF7C /* FFEncoder.m in Sources */ = {isa = PBXBuildFile; fileRef = D96658271639E7BA00F1BF7C /* FFEncoder.m */; };
		D966582B1639E88800F1BF7C /* FFAudioEncoder.m in Sources */ = {isa = PBXBuildFile; fileRef = D966582A1639E88800F1BF7C /* FFAudioEncoder.m */; };
		D99BE1E3163B370D0096AF6B /* FFAVEncoder.m in Sources */ = {isa = PBXBuildFile; fileRef = D99BE1E2163B370D0096AF6B /* FFAVEncoder.m */; };
		D9D011C8163898F7007F62B1 /* libavcodec.a in Frameworks */ = {isa = PBXBuildFile; fileRef = D9D011C0163898F7007F62B1 /* libavcodec.a */; };
		D9D011C9163898F7007F62B1 /* libavdevice.a in Frameworks */ = {isa = PBXBuildFile; fileRef = D9D011C1163898F7007F62B1 /* libavdevice.a */; };
		D9D011CA163898F7007F62B1 /* libavformat.a in Frameworks */ = {isa = PBXBuildFile; fileRef = D9D011C2163898F7007F62B1 /* libavformat.a */; };
		D9D011CB163898F7007F62B1 /* libavutil.a in Frameworks */ = {isa = PBXBuildFile; fileRef = D9D011C3163898F7007F62B1 /* libavutil.a */; };
		D9D011CC163898F7007F62B1 /* libswscale.a in Frameworks */ = {isa = PBXBuildFile; fileRef = D9D011C4163898F7007F62B1 /* libswscale.a */; };
		D9D011CF1638A190007F62B1 /* libz.dylib in Frameworks */ = {isa = PBXBuildFile; fileRef = D9D011CE1638A190007F62B1 /* libz.dylib */; };
/* End PBXBuildFile section */

/* Begin PBXFileReference section */
		1D30AB110D05D00D00671497 /* Foundation.framework */ = {isa = PBXFileReference; lastKnownFileType = wrapper.framework; name = Foundation.framework; path = System/Library/Frameworks/Foundation.framework; sourceTree = SDKROOT; };
		1D3623240D0F684500981E51 /* RosyWriterAppDelegate.h */ = {isa = PBXFileReference; fileEncoding = 4; lastKnownFileType = sourcecode.c.h; name = RosyWriterAppDelegate.h; path = Classes/RosyWriterAppDelegate.h; sourceTree = "<group>"; };
		1D3623250D0F684500981E51 /* RosyWriterAppDelegate.m */ = {isa = PBXFileReference; fileEncoding = 4; lastKnownFileType = sourcecode.c.objc; name = RosyWriterAppDelegate.m; path = Classes/RosyWriterAppDelegate.m; sourceTree = "<group>"; };
		1D6058910D05DD3D006BFB54 /* RosyWriter.app */ = {isa = PBXFileReference; explicitFileType = wrapper.application; includeInIndex = 0; path = RosyWriter.app; sourceTree = BUILT_PRODUCTS_DIR; };
		1DF5F4DF0D08C38300B7A737 /* UIKit.framework */ = {isa = PBXFileReference; lastKnownFileType = wrapper.framework; name = UIKit.framework; path = System/Library/Frameworks/UIKit.framework; sourceTree = SDKROOT; };
		26545D0712E6ACE0004BB151 /* AVFoundation.framework */ = {isa = PBXFileReference; lastKnownFileType = wrapper.framework; name = AVFoundation.framework; path = System/Library/Frameworks/AVFoundation.framework; sourceTree = SDKROOT; };
		26545D0912E6ACE0004BB151 /* CoreMedia.framework */ = {isa = PBXFileReference; lastKnownFileType = wrapper.framework; name = CoreMedia.framework; path = System/Library/Frameworks/CoreMedia.framework; sourceTree = SDKROOT; };
		266059751325B7AB001A16FE /* AssetsLibrary.framework */ = {isa = PBXFileReference; lastKnownFileType = wrapper.framework; name = AssetsLibrary.framework; path = System/Library/Frameworks/AssetsLibrary.framework; sourceTree = SDKROOT; };
		267A775C133AA0E0005BCA26 /* QuartzCore.framework */ = {isa = PBXFileReference; lastKnownFileType = wrapper.framework; name = QuartzCore.framework; path = System/Library/Frameworks/QuartzCore.framework; sourceTree = SDKROOT; };
		2694EA4012F8E712007D4CFF /* CoreVideo.framework */ = {isa = PBXFileReference; lastKnownFileType = wrapper.framework; name = CoreVideo.framework; path = System/Library/Frameworks/CoreVideo.framework; sourceTree = SDKROOT; };
		26B0755713981396003A24D9 /* RosyWriterPreviewView.h */ = {isa = PBXFileReference; fileEncoding = 4; lastKnownFileType = sourcecode.c.h; name = RosyWriterPreviewView.h; path = Classes/RosyWriterPreviewView.h; sourceTree = "<group>"; };
		26B0755813981396003A24D9 /* RosyWriterPreviewView.m */ = {isa = PBXFileReference; fileEncoding = 4; lastKnownFileType = sourcecode.c.objc; name = RosyWriterPreviewView.m; path = Classes/RosyWriterPreviewView.m; sourceTree = "<group>"; };
		26B0755C13981497003A24D9 /* OpenGLES.framework */ = {isa = PBXFileReference; lastKnownFileType = wrapper.framework; name = OpenGLES.framework; path = System/Library/Frameworks/OpenGLES.framework; sourceTree = SDKROOT; };
		26DC173812FA5289004340D7 /* MobileCoreServices.framework */ = {isa = PBXFileReference; lastKnownFileType = wrapper.framework; name = MobileCoreServices.framework; path = System/Library/Frameworks/MobileCoreServices.framework; sourceTree = SDKROOT; };
		288765580DF743DE002DB57D /* CoreGraphics.framework */ = {isa = PBXFileReference; lastKnownFileType = wrapper.framework; name = CoreGraphics.framework; path = System/Library/Frameworks/CoreGraphics.framework; sourceTree = SDKROOT; };
		289233A80DB2D0DB0083E9F9 /* RosyWriterViewController.h */ = {isa = PBXFileReference; fileEncoding = 4; lastKnownFileType = sourcecode.c.h; name = RosyWriterViewController.h; path = Classes/RosyWriterViewController.h; sourceTree = "<group>"; };
		289233A90DB2D0DB0083E9F9 /* RosyWriterViewController.m */ = {isa = PBXFileReference; fileEncoding = 4; lastKnownFileType = sourcecode.c.objc; name = RosyWriterViewController.m; path = Classes/RosyWriterViewController.m; sourceTree = "<group>"; };
		29B97316FDCFA39411CA2CEA /* main.m */ = {isa = PBXFileReference; fileEncoding = 4; lastKnownFileType = sourcecode.c.objc; path = main.m; sourceTree = "<group>"; };
		32CA4F630368D1EE00C91783 /* RosyWriter_Prefix.pch */ = {isa = PBXFileReference; fileEncoding = 4; lastKnownFileType = sourcecode.c.h; path = RosyWriter_Prefix.pch; sourceTree = "<group>"; };
		8D1107310486CEB800E47090 /* RosyWriter-Info.plist */ = {isa = PBXFileReference; fileEncoding = 4; lastKnownFileType = text.plist.xml; path = "RosyWriter-Info.plist"; plistStructureDefinitionIdentifier = "com.apple.xcode.plist.structure-definition.iphone.info-plist"; sourceTree = "<group>"; };
		AF2A5BFF1434ED1F007EF597 /* en */ = {isa = PBXFileReference; lastKnownFileType = file.xib; name = en; path = en.lproj/MainWindow.xib; sourceTree = "<group>"; };
		AF2A5C011434ED1F007EF597 /* en */ = {isa = PBXFileReference; lastKnownFileType = file.xib; name = en; path = en.lproj/RosyWriterViewController.xib; sourceTree = "<group>"; };
		AF928C0E140C2AD300844BAD /* ShaderUtilities.c */ = {isa = PBXFileReference; fileEncoding = 4; lastKnownFileType = sourcecode.c.c; name = ShaderUtilities.c; path = Classes/ShaderUtilities.c; sourceTree = "<group>"; };
		AF928C0F140C2AD300844BAD /* ShaderUtilities.h */ = {isa = PBXFileReference; fileEncoding = 4; lastKnownFileType = sourcecode.c.h; name = ShaderUtilities.h; path = Classes/ShaderUtilities.h; sourceTree = "<group>"; };
		AFC35FDA13FEFC0A0043EAD6 /* passThrough.fsh */ = {isa = PBXFileReference; fileEncoding = 4; lastKnownFileType = sourcecode.glsl; path = passThrough.fsh; sourceTree = "<group>"; };
		AFC35FDB13FEFC0A0043EAD6 /* passThrough.vsh */ = {isa = PBXFileReference; fileEncoding = 4; lastKnownFileType = sourcecode.glsl; path = passThrough.vsh; sourceTree = "<group>"; };
		AFC35FE613FF35900043EAD6 /* RosyWriterVideoProcessor.h */ = {isa = PBXFileReference; fileEncoding = 4; lastKnownFileType = sourcecode.c.h; name = RosyWriterVideoProcessor.h; path = Classes/RosyWriterVideoProcessor.h; sourceTree = "<group>"; };
		AFC35FE713FF35900043EAD6 /* RosyWriterVideoProcessor.m */ = {isa = PBXFileReference; fileEncoding = 4; lastKnownFileType = sourcecode.c.objc; name = RosyWriterVideoProcessor.m; path = Classes/RosyWriterVideoProcessor.m; sourceTree = "<group>"; };
		D91D28AF163F3014008EBFDB /* libvpx.a */ = {isa = PBXFileReference; lastKnownFileType = archive.ar; path = libvpx.a; sourceTree = "<group>"; };
		D91D28B5163F40A4008EBFDB /* AVEncoder.h */ = {isa = PBXFileReference; fileEncoding = 4; lastKnownFileType = sourcecode.c.h; path = AVEncoder.h; sourceTree = "<group>"; };
		D91D28B6163F40A4008EBFDB /* AVEncoder.m */ = {isa = PBXFileReference; fileEncoding = 4; lastKnownFileType = sourcecode.c.objc; path = AVEncoder.m; sourceTree = "<group>"; };
		D91D28B9163F42EA008EBFDB /* AVAppleEncoder.h */ = {isa = PBXFileReference; fileEncoding = 4; lastKnownFileType = sourcecode.c.h; path = AVAppleEncoder.h; sourceTree = "<group>"; };
		D91D28BA163F42EA008EBFDB /* AVAppleEncoder.m */ = {isa = PBXFileReference; fileEncoding = 4; lastKnownFileType = sourcecode.c.objc; path = AVAppleEncoder.m; sourceTree = "<group>"; };
		D96658211639DBA100F1BF7C /* FFVideoEncoder.h */ = {isa = PBXFileReference; fileEncoding = 4; lastKnownFileType = sourcecode.c.h; path = FFVideoEncoder.h; sourceTree = "<group>"; };
		D96658221639DBA100F1BF7C /* FFVideoEncoder.m */ = {isa = PBXFileReference; fileEncoding = 4; lastKnownFileType = sourcecode.c.objc; path = FFVideoEncoder.m; sourceTree = "<group>"; };
		D96658261639E7BA00F1BF7C /* FFEncoder.h */ = {isa = PBXFileReference; fileEncoding = 4; lastKnownFileType = sourcecode.c.h; path = FFEncoder.h; sourceTree = "<group>"; };
		D96658271639E7BA00F1BF7C /* FFEncoder.m */ = {isa = PBXFileReference; fileEncoding = 4; lastKnownFileType = sourcecode.c.objc; path = FFEncoder.m; sourceTree = "<group>"; };
		D96658291639E88800F1BF7C /* FFAudioEncoder.h */ = {isa = PBXFileReference; fileEncoding = 4; lastKnownFileType = sourcecode.c.h; path = FFAudioEncoder.h; sourceTree = "<group>"; };
		D966582A1639E88800F1BF7C /* FFAudioEncoder.m */ = {isa = PBXFileReference; fileEncoding = 4; lastKnownFileType = sourcecode.c.objc; path = FFAudioEncoder.m; sourceTree = "<group>"; };
		D99BE1E1163B370D0096AF6B /* FFAVEncoder.h */ = {isa = PBXFileReference; fileEncoding = 4; lastKnownFileType = sourcecode.c.h; path = FFAVEncoder.h; sourceTree = "<group>"; };
		D99BE1E2163B370D0096AF6B /* FFAVEncoder.m */ = {isa = PBXFileReference; fileEncoding = 4; lastKnownFileType = sourcecode.c.objc; path = FFAVEncoder.m; sourceTree = "<group>"; };
		D9D01170163898F7007F62B1 /* ffmpeg */ = {isa = PBXFileReference; lastKnownFileType = "compiled.mach-o.executable"; path = ffmpeg; sourceTree = "<group>"; };
		D9D01171163898F7007F62B1 /* ffprobe */ = {isa = PBXFileReference; lastKnownFileType = "compiled.mach-o.executable"; path = ffprobe; sourceTree = "<group>"; };
		D9D01172163898F7007F62B1 /* ffserver */ = {isa = PBXFileReference; lastKnownFileType = "compiled.mach-o.executable"; path = ffserver; sourceTree = "<group>"; };
		D9D01175163898F7007F62B1 /* avcodec.h */ = {isa = PBXFileReference; fileEncoding = 4; lastKnownFileType = sourcecode.c.h; path = avcodec.h; sourceTree = "<group>"; };
		D9D01176163898F7007F62B1 /* avfft.h */ = {isa = PBXFileReference; fileEncoding = 4; lastKnownFileType = sourcecode.c.h; path = avfft.h; sourceTree = "<group>"; };
		D9D01177163898F7007F62B1 /* dxva2.h */ = {isa = PBXFileReference; fileEncoding = 4; lastKnownFileType = sourcecode.c.h; path = dxva2.h; sourceTree = "<group>"; };
		D9D01178163898F7007F62B1 /* old_codec_ids.h */ = {isa = PBXFileReference; fileEncoding = 4; lastKnownFileType = sourcecode.c.h; path = old_codec_ids.h; sourceTree = "<group>"; };
		D9D01179163898F7007F62B1 /* vaapi.h */ = {isa = PBXFileReference; fileEncoding = 4; lastKnownFileType = sourcecode.c.h; path = vaapi.h; sourceTree = "<group>"; };
		D9D0117A163898F7007F62B1 /* vda.h */ = {isa = PBXFileReference; fileEncoding = 4; lastKnownFileType = sourcecode.c.h; path = vda.h; sourceTree = "<group>"; };
		D9D0117B163898F7007F62B1 /* vdpau.h */ = {isa = PBXFileReference; fileEncoding = 4; lastKnownFileType = sourcecode.c.h; path = vdpau.h; sourceTree = "<group>"; };
		D9D0117C163898F7007F62B1 /* version.h */ = {isa = PBXFileReference; fileEncoding = 4; lastKnownFileType = sourcecode.c.h; path = version.h; sourceTree = "<group>"; };
		D9D0117D163898F7007F62B1 /* xvmc.h */ = {isa = PBXFileReference; fileEncoding = 4; lastKnownFileType = sourcecode.c.h; path = xvmc.h; sourceTree = "<group>"; };
		D9D0117F163898F7007F62B1 /* avdevice.h */ = {isa = PBXFileReference; fileEncoding = 4; lastKnownFileType = sourcecode.c.h; path = avdevice.h; sourceTree = "<group>"; };
		D9D01180163898F7007F62B1 /* version.h */ = {isa = PBXFileReference; fileEncoding = 4; lastKnownFileType = sourcecode.c.h; path = version.h; sourceTree = "<group>"; };
		D9D01182163898F7007F62B1 /* asrc_abuffer.h */ = {isa = PBXFileReference; fileEncoding = 4; lastKnownFileType = sourcecode.c.h; path = asrc_abuffer.h; sourceTree = "<group>"; };
		D9D01183163898F7007F62B1 /* avcodec.h */ = {isa = PBXFileReference; fileEncoding = 4; lastKnownFileType = sourcecode.c.h; path = avcodec.h; sourceTree = "<group>"; };
		D9D01184163898F7007F62B1 /* avfilter.h */ = {isa = PBXFileReference; fileEncoding = 4; lastKnownFileType = sourcecode.c.h; path = avfilter.h; sourceTree = "<group>"; };
		D9D01185163898F7007F62B1 /* avfiltergraph.h */ = {isa = PBXFileReference; fileEncoding = 4; lastKnownFileType = sourcecode.c.h; path = avfiltergraph.h; sourceTree = "<group>"; };
		D9D01186163898F7007F62B1 /* buffersink.h */ = {isa = PBXFileReference; fileEncoding = 4; lastKnownFileType = sourcecode.c.h; path = buffersink.h; sourceTree = "<group>"; };
		D9D01187163898F7007F62B1 /* buffersrc.h */ = {isa = PBXFileReference; fileEncoding = 4; lastKnownFileType = sourcecode.c.h; path = buffersrc.h; sourceTree = "<group>"; };
		D9D01188163898F7007F62B1 /* version.h */ = {isa = PBXFileReference; fileEncoding = 4; lastKnownFileType = sourcecode.c.h; path = version.h; sourceTree = "<group>"; };
		D9D0118A163898F7007F62B1 /* avformat.h */ = {isa = PBXFileReference; fileEncoding = 4; lastKnownFileType = sourcecode.c.h; path = avformat.h; sourceTree = "<group>"; };
		D9D0118B163898F7007F62B1 /* avio.h */ = {isa = PBXFileReference; fileEncoding = 4; lastKnownFileType = sourcecode.c.h; path = avio.h; sourceTree = "<group>"; };
		D9D0118C163898F7007F62B1 /* version.h */ = {isa = PBXFileReference; fileEncoding = 4; lastKnownFileType = sourcecode.c.h; path = version.h; sourceTree = "<group>"; };
		D9D0118E163898F7007F62B1 /* adler32.h */ = {isa = PBXFileReference; fileEncoding = 4; lastKnownFileType = sourcecode.c.h; path = adler32.h; sourceTree = "<group>"; };
		D9D0118F163898F7007F62B1 /* aes.h */ = {isa = PBXFileReference; fileEncoding = 4; lastKnownFileType = sourcecode.c.h; path = aes.h; sourceTree = "<group>"; };
		D9D01190163898F7007F62B1 /* attributes.h */ = {isa = PBXFileReference; fileEncoding = 4; lastKnownFileType = sourcecode.c.h; path = attributes.h; sourceTree = "<group>"; };
		D9D01191163898F7007F62B1 /* audio_fifo.h */ = {isa = PBXFileReference; fileEncoding = 4; lastKnownFileType = sourcecode.c.h; path = audio_fifo.h; sourceTree = "<group>"; };
		D9D01192163898F7007F62B1 /* audioconvert.h */ = {isa = PBXFileReference; fileEncoding = 4; lastKnownFileType = sourcecode.c.h; path = audioconvert.h; sourceTree = "<group>"; };
		D9D01193163898F7007F62B1 /* avassert.h */ = {isa = PBXFileReference; fileEncoding = 4; lastKnownFileType = sourcecode.c.h; path = avassert.h; sourceTree = "<group>"; };
		D9D01194163898F7007F62B1 /* avconfig.h */ = {isa = PBXFileReference; fileEncoding = 4; lastKnownFileType = sourcecode.c.h; path = avconfig.h; sourceTree = "<group>"; };
		D9D01195163898F7007F62B1 /* avstring.h */ = {isa = PBXFileReference; fileEncoding = 4; lastKnownFileType = sourcecode.c.h; path = avstring.h; sourceTree = "<group>"; };
		D9D01196163898F7007F62B1 /* avutil.h */ = {isa = PBXFileReference; fileEncoding = 4; lastKnownFileType = sourcecode.c.h; path = avutil.h; sourceTree = "<group>"; };
		D9D01197163898F7007F62B1 /* base64.h */ = {isa = PBXFileReference; fileEncoding = 4; lastKnownFileType = sourcecode.c.h; path = base64.h; sourceTree = "<group>"; };
		D9D01198163898F7007F62B1 /* blowfish.h */ = {isa = PBXFileReference; fileEncoding = 4; lastKnownFileType = sourcecode.c.h; path = blowfish.h; sourceTree = "<group>"; };
		D9D01199163898F7007F62B1 /* bprint.h */ = {isa = PBXFileReference; fileEncoding = 4; lastKnownFileType = sourcecode.c.h; path = bprint.h; sourceTree = "<group>"; };
		D9D0119A163898F7007F62B1 /* bswap.h */ = {isa = PBXFileReference; fileEncoding = 4; lastKnownFileType = sourcecode.c.h; path = bswap.h; sourceTree = "<group>"; };
		D9D0119B163898F7007F62B1 /* common.h */ = {isa = PBXFileReference; fileEncoding = 4; lastKnownFileType = sourcecode.c.h; path = common.h; sourceTree = "<group>"; };
		D9D0119C163898F7007F62B1 /* cpu.h */ = {isa = PBXFileReference; fileEncoding = 4; lastKnownFileType = sourcecode.c.h; path = cpu.h; sourceTree = "<group>"; };
		D9D0119D163898F7007F62B1 /* crc.h */ = {isa = PBXFileReference; fileEncoding = 4; lastKnownFileType = sourcecode.c.h; path = crc.h; sourceTree = "<group>"; };
		D9D0119E163898F7007F62B1 /* dict.h */ = {isa = PBXFileReference; fileEncoding = 4; lastKnownFileType = sourcecode.c.h; path = dict.h; sourceTree = "<group>"; };
		D9D0119F163898F7007F62B1 /* error.h */ = {isa = PBXFileReference; fileEncoding = 4; lastKnownFileType = sourcecode.c.h; path = error.h; sourceTree = "<group>"; };
		D9D011A0163898F7007F62B1 /* eval.h */ = {isa = PBXFileReference; fileEncoding = 4; lastKnownFileType = sourcecode.c.h; path = eval.h; sourceTree = "<group>"; };
		D9D011A1163898F7007F62B1 /* fifo.h */ = {isa = PBXFileReference; fileEncoding = 4; lastKnownFileType = sourcecode.c.h; path = fifo.h; sourceTree = "<group>"; };
		D9D011A2163898F7007F62B1 /* file.h */ = {isa = PBXFileReference; fileEncoding = 4; lastKnownFileType = sourcecode.c.h; path = file.h; sourceTree = "<group>"; };
		D9D011A3163898F7007F62B1 /* imgutils.h */ = {isa = PBXFileReference; fileEncoding = 4; lastKnownFileType = sourcecode.c.h; path = imgutils.h; sourceTree = "<group>"; };
		D9D011A4163898F7007F62B1 /* intfloat.h */ = {isa = PBXFileReference; fileEncoding = 4; lastKnownFileType = sourcecode.c.h; path = intfloat.h; sourceTree = "<group>"; };
		D9D011A5163898F7007F62B1 /* intfloat_readwrite.h */ = {isa = PBXFileReference; fileEncoding = 4; lastKnownFileType = sourcecode.c.h; path = intfloat_readwrite.h; sourceTree = "<group>"; };
		D9D011A6163898F7007F62B1 /* intreadwrite.h */ = {isa = PBXFileReference; fileEncoding = 4; lastKnownFileType = sourcecode.c.h; path = intreadwrite.h; sourceTree = "<group>"; };
		D9D011A7163898F7007F62B1 /* lfg.h */ = {isa = PBXFileReference; fileEncoding = 4; lastKnownFileType = sourcecode.c.h; path = lfg.h; sourceTree = "<group>"; };
		D9D011A8163898F7007F62B1 /* log.h */ = {isa = PBXFileReference; fileEncoding = 4; lastKnownFileType = sourcecode.c.h; path = log.h; sourceTree = "<group>"; };
		D9D011A9163898F7007F62B1 /* lzo.h */ = {isa = PBXFileReference; fileEncoding = 4; lastKnownFileType = sourcecode.c.h; path = lzo.h; sourceTree = "<group>"; };
		D9D011AA163898F7007F62B1 /* mathematics.h */ = {isa = PBXFileReference; fileEncoding = 4; lastKnownFileType = sourcecode.c.h; path = mathematics.h; sourceTree = "<group>"; };
		D9D011AB163898F7007F62B1 /* md5.h */ = {isa = PBXFileReference; fileEncoding = 4; lastKnownFileType = sourcecode.c.h; path = md5.h; sourceTree = "<group>"; };
		D9D011AC163898F7007F62B1 /* mem.h */ = {isa = PBXFileReference; fileEncoding = 4; lastKnownFileType = sourcecode.c.h; path = mem.h; sourceTree = "<group>"; };
		D9D011AD163898F7007F62B1 /* opt.h */ = {isa = PBXFileReference; fileEncoding = 4; lastKnownFileType = sourcecode.c.h; path = opt.h; sourceTree = "<group>"; };
		D9D011AE163898F7007F62B1 /* parseutils.h */ = {isa = PBXFileReference; fileEncoding = 4; lastKnownFileType = sourcecode.c.h; path = parseutils.h; sourceTree = "<group>"; };
		D9D011AF163898F7007F62B1 /* pixdesc.h */ = {isa = PBXFileReference; fileEncoding = 4; lastKnownFileType = sourcecode.c.h; path = pixdesc.h; sourceTree = "<group>"; };
		D9D011B0163898F7007F62B1 /* pixfmt.h */ = {isa = PBXFileReference; fileEncoding = 4; lastKnownFileType = sourcecode.c.h; path = pixfmt.h; sourceTree = "<group>"; };
		D9D011B1163898F7007F62B1 /* random_seed.h */ = {isa = PBXFileReference; fileEncoding = 4; lastKnownFileType = sourcecode.c.h; path = random_seed.h; sourceTree = "<group>"; };
		D9D011B2163898F7007F62B1 /* rational.h */ = {isa = PBXFileReference; fileEncoding = 4; lastKnownFileType = sourcecode.c.h; path = rational.h; sourceTree = "<group>"; };
		D9D011B3163898F7007F62B1 /* samplefmt.h */ = {isa = PBXFileReference; fileEncoding = 4; lastKnownFileType = sourcecode.c.h; path = samplefmt.h; sourceTree = "<group>"; };
		D9D011B4163898F7007F62B1 /* sha.h */ = {isa = PBXFileReference; fileEncoding = 4; lastKnownFileType = sourcecode.c.h; path = sha.h; sourceTree = "<group>"; };
		D9D011B5163898F7007F62B1 /* time.h */ = {isa = PBXFileReference; fileEncoding = 4; lastKnownFileType = sourcecode.c.h; path = time.h; sourceTree = "<group>"; };
		D9D011B6163898F7007F62B1 /* timecode.h */ = {isa = PBXFileReference; fileEncoding = 4; lastKnownFileType = sourcecode.c.h; path = timecode.h; sourceTree = "<group>"; };
		D9D011B7163898F7007F62B1 /* timestamp.h */ = {isa = PBXFileReference; fileEncoding = 4; lastKnownFileType = sourcecode.c.h; path = timestamp.h; sourceTree = "<group>"; };
		D9D011B8163898F7007F62B1 /* version.h */ = {isa = PBXFileReference; fileEncoding = 4; lastKnownFileType = sourcecode.c.h; path = version.h; sourceTree = "<group>"; };
		D9D011B9163898F7007F62B1 /* xtea.h */ = {isa = PBXFileReference; fileEncoding = 4; lastKnownFileType = sourcecode.c.h; path = xtea.h; sourceTree = "<group>"; };
		D9D011BB163898F7007F62B1 /* swresample.h */ = {isa = PBXFileReference; fileEncoding = 4; lastKnownFileType = sourcecode.c.h; path = swresample.h; sourceTree = "<group>"; };
		D9D011BD163898F7007F62B1 /* swscale.h */ = {isa = PBXFileReference; fileEncoding = 4; lastKnownFileType = sourcecode.c.h; path = swscale.h; sourceTree = "<group>"; };
		D9D011BE163898F7007F62B1 /* version.h */ = {isa = PBXFileReference; fileEncoding = 4; lastKnownFileType = sourcecode.c.h; path = version.h; sourceTree = "<group>"; };
		D9D011C0163898F7007F62B1 /* libavcodec.a */ = {isa = PBXFileReference; lastKnownFileType = archive.ar; path = libavcodec.a; sourceTree = "<group>"; };
		D9D011C1163898F7007F62B1 /* libavdevice.a */ = {isa = PBXFileReference; lastKnownFileType = archive.ar; path = libavdevice.a; sourceTree = "<group>"; };
		D9D011C2163898F7007F62B1 /* libavformat.a */ = {isa = PBXFileReference; lastKnownFileType = archive.ar; path = libavformat.a; sourceTree = "<group>"; };
		D9D011C3163898F7007F62B1 /* libavutil.a */ = {isa = PBXFileReference; lastKnownFileType = archive.ar; path = libavutil.a; sourceTree = "<group>"; };
		D9D011C4163898F7007F62B1 /* libswscale.a */ = {isa = PBXFileReference; lastKnownFileType = archive.ar; path = libswscale.a; sourceTree = "<group>"; };
		D9D011CE1638A190007F62B1 /* libz.dylib */ = {isa = PBXFileReference; lastKnownFileType = "compiled.mach-o.dylib"; name = libz.dylib; path = usr/lib/libz.dylib; sourceTree = SDKROOT; };
/* End PBXFileReference section */

/* Begin PBXFrameworksBuildPhase section */
		1D60588F0D05DD3D006BFB54 /* Frameworks */ = {
			isa = PBXFrameworksBuildPhase;
			buildActionMask = 2147483647;
			files = (
				D9D011CF1638A190007F62B1 /* libz.dylib in Frameworks */,
				26B0755D13981497003A24D9 /* OpenGLES.framework in Frameworks */,
				1D60589F0D05DD5A006BFB54 /* Foundation.framework in Frameworks */,
				1DF5F4E00D08C38300B7A737 /* UIKit.framework in Frameworks */,
				288765590DF743DE002DB57D /* CoreGraphics.framework in Frameworks */,
				26545D0812E6ACE0004BB151 /* AVFoundation.framework in Frameworks */,
				26545D0A12E6ACE0004BB151 /* CoreMedia.framework in Frameworks */,
				2694EA4112F8E712007D4CFF /* CoreVideo.framework in Frameworks */,
				26DC173912FA5289004340D7 /* MobileCoreServices.framework in Frameworks */,
				266059761325B7AB001A16FE /* AssetsLibrary.framework in Frameworks */,
				267A775D133AA0E0005BCA26 /* QuartzCore.framework in Frameworks */,
				D9D011C8163898F7007F62B1 /* libavcodec.a in Frameworks */,
				D9D011C9163898F7007F62B1 /* libavdevice.a in Frameworks */,
				D9D011CA163898F7007F62B1 /* libavformat.a in Frameworks */,
				D9D011CB163898F7007F62B1 /* libavutil.a in Frameworks */,
				D9D011CC163898F7007F62B1 /* libswscale.a in Frameworks */,
				D91D28B0163F3014008EBFDB /* libvpx.a in Frameworks */,
			);
			runOnlyForDeploymentPostprocessing = 0;
		};
/* End PBXFrameworksBuildPhase section */

/* Begin PBXGroup section */
		19C28FACFE9D520D11CA2CBB /* Products */ = {
			isa = PBXGroup;
			children = (
				1D6058910D05DD3D006BFB54 /* RosyWriter.app */,
			);
			name = Products;
			sourceTree = "<group>";
		};
		29B97314FDCFA39411CA2CEA /* CustomTemplate */ = {
			isa = PBXGroup;
			children = (
				D96658251639DBAE00F1BF7C /* FFmpeg Wrapper */,
				D9D011CE1638A190007F62B1 /* libz.dylib */,
				D9D0116E163898F7007F62B1 /* dependencies */,
				AFC35FD913FEFC0A0043EAD6 /* Shaders */,
				AFC35F7513FEEF5E0043EAD6 /* Classes */,
				29B97315FDCFA39411CA2CEA /* Other Sources */,
				29B97317FDCFA39411CA2CEA /* Resources */,
				29B97323FDCFA39411CA2CEA /* Frameworks */,
				19C28FACFE9D520D11CA2CBB /* Products */,
			);
			name = CustomTemplate;
			sourceTree = "<group>";
		};
		29B97315FDCFA39411CA2CEA /* Other Sources */ = {
			isa = PBXGroup;
			children = (
				AF928C0E140C2AD300844BAD /* ShaderUtilities.c */,
				AF928C0F140C2AD300844BAD /* ShaderUtilities.h */,
				32CA4F630368D1EE00C91783 /* RosyWriter_Prefix.pch */,
				29B97316FDCFA39411CA2CEA /* main.m */,
			);
			name = "Other Sources";
			sourceTree = "<group>";
		};
		29B97317FDCFA39411CA2CEA /* Resources */ = {
			isa = PBXGroup;
			children = (
				AF2A5BFE1434ED1F007EF597 /* MainWindow.xib */,
				AF2A5C001434ED1F007EF597 /* RosyWriterViewController.xib */,
				8D1107310486CEB800E47090 /* RosyWriter-Info.plist */,
			);
			name = Resources;
			sourceTree = "<group>";
		};
		29B97323FDCFA39411CA2CEA /* Frameworks */ = {
			isa = PBXGroup;
			children = (
				1DF5F4DF0D08C38300B7A737 /* UIKit.framework */,
				1D30AB110D05D00D00671497 /* Foundation.framework */,
				288765580DF743DE002DB57D /* CoreGraphics.framework */,
				26545D0912E6ACE0004BB151 /* CoreMedia.framework */,
				26545D0712E6ACE0004BB151 /* AVFoundation.framework */,
				2694EA4012F8E712007D4CFF /* CoreVideo.framework */,
				26DC173812FA5289004340D7 /* MobileCoreServices.framework */,
				266059751325B7AB001A16FE /* AssetsLibrary.framework */,
				267A775C133AA0E0005BCA26 /* QuartzCore.framework */,
				26B0755C13981497003A24D9 /* OpenGLES.framework */,
			);
			name = Frameworks;
			sourceTree = "<group>";
		};
		AFC35F7513FEEF5E0043EAD6 /* Classes */ = {
			isa = PBXGroup;
			children = (
				AFC35FE613FF35900043EAD6 /* RosyWriterVideoProcessor.h */,
				AFC35FE713FF35900043EAD6 /* RosyWriterVideoProcessor.m */,
				289233A80DB2D0DB0083E9F9 /* RosyWriterViewController.h */,
				289233A90DB2D0DB0083E9F9 /* RosyWriterViewController.m */,
				26B0755713981396003A24D9 /* RosyWriterPreviewView.h */,
				26B0755813981396003A24D9 /* RosyWriterPreviewView.m */,
				1D3623240D0F684500981E51 /* RosyWriterAppDelegate.h */,
				1D3623250D0F684500981E51 /* RosyWriterAppDelegate.m */,
			);
			name = Classes;
			sourceTree = "<group>";
		};
		AFC35FD913FEFC0A0043EAD6 /* Shaders */ = {
			isa = PBXGroup;
			children = (
				AFC35FDA13FEFC0A0043EAD6 /* passThrough.fsh */,
				AFC35FDB13FEFC0A0043EAD6 /* passThrough.vsh */,
			);
			path = Shaders;
			sourceTree = "<group>";
		};
		D96658251639DBAE00F1BF7C /* FFmpeg Wrapper */ = {
			isa = PBXGroup;
			children = (
				D96658211639DBA100F1BF7C /* FFVideoEncoder.h */,
				D96658221639DBA100F1BF7C /* FFVideoEncoder.m */,
				D96658291639E88800F1BF7C /* FFAudioEncoder.h */,
				D966582A1639E88800F1BF7C /* FFAudioEncoder.m */,
				D99BE1E1163B370D0096AF6B /* FFAVEncoder.h */,
				D99BE1E2163B370D0096AF6B /* FFAVEncoder.m */,
				D91D28B5163F40A4008EBFDB /* AVEncoder.h */,
				D91D28B6163F40A4008EBFDB /* AVEncoder.m */,
				D91D28B9163F42EA008EBFDB /* AVAppleEncoder.h */,
				D91D28BA163F42EA008EBFDB /* AVAppleEncoder.m */,
				D96658261639E7BA00F1BF7C /* FFEncoder.h */,
				D96658271639E7BA00F1BF7C /* FFEncoder.m */,
			);
			name = "FFmpeg Wrapper";
			sourceTree = "<group>";
		};
		D9D0116E163898F7007F62B1 /* dependencies */ = {
			isa = PBXGroup;
			children = (
				D9D0116F163898F7007F62B1 /* bin */,
				D9D01173163898F7007F62B1 /* include */,
				D9D011BF163898F7007F62B1 /* lib */,
			);
			name = dependencies;
			path = "ffmpeg-iOS/dependencies";
			sourceTree = "<group>";
		};
		D9D0116F163898F7007F62B1 /* bin */ = {
			isa = PBXGroup;
			children = (
				D9D01170163898F7007F62B1 /* ffmpeg */,
				D9D01171163898F7007F62B1 /* ffprobe */,
				D9D01172163898F7007F62B1 /* ffserver */,
			);
			path = bin;
			sourceTree = "<group>";
		};
		D9D01173163898F7007F62B1 /* include */ = {
			isa = PBXGroup;
			children = (
				D9D01174163898F7007F62B1 /* libavcodec */,
				D9D0117E163898F7007F62B1 /* libavdevice */,
				D9D01181163898F7007F62B1 /* libavfilter */,
				D9D01189163898F7007F62B1 /* libavformat */,
				D9D0118D163898F7007F62B1 /* libavutil */,
				D9D011BA163898F7007F62B1 /* libswresample */,
				D9D011BC163898F7007F62B1 /* libswscale */,
			);
			path = include;
			sourceTree = "<group>";
		};
		D9D01174163898F7007F62B1 /* libavcodec */ = {
			isa = PBXGroup;
			children = (
				D9D01175163898F7007F62B1 /* avcodec.h */,
				D9D01176163898F7007F62B1 /* avfft.h */,
				D9D01177163898F7007F62B1 /* dxva2.h */,
				D9D01178163898F7007F62B1 /* old_codec_ids.h */,
				D9D01179163898F7007F62B1 /* vaapi.h */,
				D9D0117A163898F7007F62B1 /* vda.h */,
				D9D0117B163898F7007F62B1 /* vdpau.h */,
				D9D0117C163898F7007F62B1 /* version.h */,
				D9D0117D163898F7007F62B1 /* xvmc.h */,
			);
			path = libavcodec;
			sourceTree = "<group>";
		};
		D9D0117E163898F7007F62B1 /* libavdevice */ = {
			isa = PBXGroup;
			children = (
				D9D0117F163898F7007F62B1 /* avdevice.h */,
				D9D01180163898F7007F62B1 /* version.h */,
			);
			path = libavdevice;
			sourceTree = "<group>";
		};
		D9D01181163898F7007F62B1 /* libavfilter */ = {
			isa = PBXGroup;
			children = (
				D9D01182163898F7007F62B1 /* asrc_abuffer.h */,
				D9D01183163898F7007F62B1 /* avcodec.h */,
				D9D01184163898F7007F62B1 /* avfilter.h */,
				D9D01185163898F7007F62B1 /* avfiltergraph.h */,
				D9D01186163898F7007F62B1 /* buffersink.h */,
				D9D01187163898F7007F62B1 /* buffersrc.h */,
				D9D01188163898F7007F62B1 /* version.h */,
			);
			path = libavfilter;
			sourceTree = "<group>";
		};
		D9D01189163898F7007F62B1 /* libavformat */ = {
			isa = PBXGroup;
			children = (
				D9D0118A163898F7007F62B1 /* avformat.h */,
				D9D0118B163898F7007F62B1 /* avio.h */,
				D9D0118C163898F7007F62B1 /* version.h */,
			);
			path = libavformat;
			sourceTree = "<group>";
		};
		D9D0118D163898F7007F62B1 /* libavutil */ = {
			isa = PBXGroup;
			children = (
				D9D0118E163898F7007F62B1 /* adler32.h */,
				D9D0118F163898F7007F62B1 /* aes.h */,
				D9D01190163898F7007F62B1 /* attributes.h */,
				D9D01191163898F7007F62B1 /* audio_fifo.h */,
				D9D01192163898F7007F62B1 /* audioconvert.h */,
				D9D01193163898F7007F62B1 /* avassert.h */,
				D9D01194163898F7007F62B1 /* avconfig.h */,
				D9D01195163898F7007F62B1 /* avstring.h */,
				D9D01196163898F7007F62B1 /* avutil.h */,
				D9D01197163898F7007F62B1 /* base64.h */,
				D9D01198163898F7007F62B1 /* blowfish.h */,
				D9D01199163898F7007F62B1 /* bprint.h */,
				D9D0119A163898F7007F62B1 /* bswap.h */,
				D9D0119B163898F7007F62B1 /* common.h */,
				D9D0119C163898F7007F62B1 /* cpu.h */,
				D9D0119D163898F7007F62B1 /* crc.h */,
				D9D0119E163898F7007F62B1 /* dict.h */,
				D9D0119F163898F7007F62B1 /* error.h */,
				D9D011A0163898F7007F62B1 /* eval.h */,
				D9D011A1163898F7007F62B1 /* fifo.h */,
				D9D011A2163898F7007F62B1 /* file.h */,
				D9D011A3163898F7007F62B1 /* imgutils.h */,
				D9D011A4163898F7007F62B1 /* intfloat.h */,
				D9D011A5163898F7007F62B1 /* intfloat_readwrite.h */,
				D9D011A6163898F7007F62B1 /* intreadwrite.h */,
				D9D011A7163898F7007F62B1 /* lfg.h */,
				D9D011A8163898F7007F62B1 /* log.h */,
				D9D011A9163898F7007F62B1 /* lzo.h */,
				D9D011AA163898F7007F62B1 /* mathematics.h */,
				D9D011AB163898F7007F62B1 /* md5.h */,
				D9D011AC163898F7007F62B1 /* mem.h */,
				D9D011AD163898F7007F62B1 /* opt.h */,
				D9D011AE163898F7007F62B1 /* parseutils.h */,
				D9D011AF163898F7007F62B1 /* pixdesc.h */,
				D9D011B0163898F7007F62B1 /* pixfmt.h */,
				D9D011B1163898F7007F62B1 /* random_seed.h */,
				D9D011B2163898F7007F62B1 /* rational.h */,
				D9D011B3163898F7007F62B1 /* samplefmt.h */,
				D9D011B4163898F7007F62B1 /* sha.h */,
				D9D011B5163898F7007F62B1 /* time.h */,
				D9D011B6163898F7007F62B1 /* timecode.h */,
				D9D011B7163898F7007F62B1 /* timestamp.h */,
				D9D011B8163898F7007F62B1 /* version.h */,
				D9D011B9163898F7007F62B1 /* xtea.h */,
			);
			path = libavutil;
			sourceTree = "<group>";
		};
		D9D011BA163898F7007F62B1 /* libswresample */ = {
			isa = PBXGroup;
			children = (
				D9D011BB163898F7007F62B1 /* swresample.h */,
			);
			path = libswresample;
			sourceTree = "<group>";
		};
		D9D011BC163898F7007F62B1 /* libswscale */ = {
			isa = PBXGroup;
			children = (
				D9D011BD163898F7007F62B1 /* swscale.h */,
				D9D011BE163898F7007F62B1 /* version.h */,
			);
			path = libswscale;
			sourceTree = "<group>";
		};
		D9D011BF163898F7007F62B1 /* lib */ = {
			isa = PBXGroup;
			children = (
				D9D011C0163898F7007F62B1 /* libavcodec.a */,
				D9D011C1163898F7007F62B1 /* libavdevice.a */,
				D9D011C2163898F7007F62B1 /* libavformat.a */,
				D9D011C3163898F7007F62B1 /* libavutil.a */,
				D9D011C4163898F7007F62B1 /* libswscale.a */,
				D91D28AF163F3014008EBFDB /* libvpx.a */,
			);
			path = lib;
			sourceTree = "<group>";
		};
/* End PBXGroup section */

/* Begin PBXNativeTarget section */
		1D6058900D05DD3D006BFB54 /* RosyWriter */ = {
			isa = PBXNativeTarget;
			buildConfigurationList = 1D6058960D05DD3E006BFB54 /* Build configuration list for PBXNativeTarget "RosyWriter" */;
			buildPhases = (
				1D60588D0D05DD3D006BFB54 /* Resources */,
				1D60588E0D05DD3D006BFB54 /* Sources */,
				1D60588F0D05DD3D006BFB54 /* Frameworks */,
			);
			buildRules = (
			);
			dependencies = (
			);
			name = RosyWriter;
			productName = MovieWriter;
			productReference = 1D6058910D05DD3D006BFB54 /* RosyWriter.app */;
			productType = "com.apple.product-type.application";
		};
/* End PBXNativeTarget section */

/* Begin PBXProject section */
		29B97313FDCFA39411CA2CEA /* Project object */ = {
			isa = PBXProject;
			attributes = {
				LastUpgradeCheck = 0420;
			};
			buildConfigurationList = C01FCF4E08A954540054247B /* Build configuration list for PBXProject "RosyWriter" */;
			compatibilityVersion = "Xcode 3.2";
			developmentRegion = English;
			hasScannedForEncodings = 1;
			knownRegions = (
				English,
				Japanese,
				French,
				German,
				en,
			);
			mainGroup = 29B97314FDCFA39411CA2CEA /* CustomTemplate */;
			projectDirPath = "";
			projectRoot = "";
			targets = (
				1D6058900D05DD3D006BFB54 /* RosyWriter */,
			);
		};
/* End PBXProject section */

/* Begin PBXResourcesBuildPhase section */
		1D60588D0D05DD3D006BFB54 /* Resources */ = {
			isa = PBXResourcesBuildPhase;
			buildActionMask = 2147483647;
			files = (
				AFC35FDC13FEFC0A0043EAD6 /* passThrough.fsh in Resources */,
				AFC35FDD13FEFC0A0043EAD6 /* passThrough.vsh in Resources */,
				AF2A5C021434ED1F007EF597 /* MainWindow.xib in Resources */,
				AF2A5C031434ED1F007EF597 /* RosyWriterViewController.xib in Resources */,
			);
			runOnlyForDeploymentPostprocessing = 0;
		};
/* End PBXResourcesBuildPhase section */

/* Begin PBXSourcesBuildPhase section */
		1D60588E0D05DD3D006BFB54 /* Sources */ = {
			isa = PBXSourcesBuildPhase;
			buildActionMask = 2147483647;
			files = (
				1D60589B0D05DD56006BFB54 /* main.m in Sources */,
				1D3623260D0F684500981E51 /* RosyWriterAppDelegate.m in Sources */,
				289233AE0DB2D0DB0083E9F9 /* RosyWriterViewController.m in Sources */,
				26B0755913981396003A24D9 /* RosyWriterPreviewView.m in Sources */,
				AFC35FE813FF35900043EAD6 /* RosyWriterVideoProcessor.m in Sources */,
				AF928C10140C2AD300844BAD /* ShaderUtilities.c in Sources */,
				D96658231639DBA100F1BF7C /* FFVideoEncoder.m in Sources */,
				D96658281639E7BA00F1BF7C /* FFEncoder.m in Sources */,
				D966582B1639E88800F1BF7C /* FFAudioEncoder.m in Sources */,
				D99BE1E3163B370D0096AF6B /* FFAVEncoder.m in Sources */,
				D91D28B7163F40A4008EBFDB /* AVEncoder.m in Sources */,
				D91D28BB163F42EA008EBFDB /* AVAppleEncoder.m in Sources */,
			);
			runOnlyForDeploymentPostprocessing = 0;
		};
/* End PBXSourcesBuildPhase section */

/* Begin PBXVariantGroup section */
		AF2A5BFE1434ED1F007EF597 /* MainWindow.xib */ = {
			isa = PBXVariantGroup;
			children = (
				AF2A5BFF1434ED1F007EF597 /* en */,
			);
			name = MainWindow.xib;
			sourceTree = "<group>";
		};
		AF2A5C001434ED1F007EF597 /* RosyWriterViewController.xib */ = {
			isa = PBXVariantGroup;
			children = (
				AF2A5C011434ED1F007EF597 /* en */,
			);
			name = RosyWriterViewController.xib;
			sourceTree = "<group>";
		};
/* End PBXVariantGroup section */

/* Begin XCBuildConfiguration section */
		1D6058940D05DD3E006BFB54 /* Debug */ = {
			isa = XCBuildConfiguration;
			buildSettings = {
				ALWAYS_SEARCH_USER_PATHS = NO;
				ARCHS = armv7;
				CLANG_ENABLE_OBJC_ARC = YES;
				COPY_PHASE_STRIP = NO;
				GCC_DYNAMIC_NO_PIC = NO;
				GCC_OPTIMIZATION_LEVEL = 0;
				GCC_PRECOMPILE_PREFIX_HEADER = YES;
				GCC_PREFIX_HEADER = RosyWriter_Prefix.pch;
				HEADER_SEARCH_PATHS = "$(SRCROOT)/ffmpeg-iOS/dependencies/include/**";
				INFOPLIST_FILE = "RosyWriter-Info.plist";
				IPHONEOS_DEPLOYMENT_TARGET = 5.0;
				LIBRARY_SEARCH_PATHS = (
					"$(inherited)",
					"\"$(SRCROOT)/ffmpeg-iOS/dependencies/lib\"",
				);
				PRODUCT_NAME = RosyWriter;
				VALID_ARCHS = armv7;
			};
			name = Debug;
		};
		1D6058950D05DD3E006BFB54 /* Release */ = {
			isa = XCBuildConfiguration;
			buildSettings = {
				ALWAYS_SEARCH_USER_PATHS = NO;
				ARCHS = armv7;
				CLANG_ENABLE_OBJC_ARC = YES;
				COPY_PHASE_STRIP = YES;
				GCC_PRECOMPILE_PREFIX_HEADER = YES;
				GCC_PREFIX_HEADER = RosyWriter_Prefix.pch;
				HEADER_SEARCH_PATHS = "$(SRCROOT)/ffmpeg-iOS/dependencies/include/**";
				INFOPLIST_FILE = "RosyWriter-Info.plist";
				IPHONEOS_DEPLOYMENT_TARGET = 5.0;
				LIBRARY_SEARCH_PATHS = (
					"$(inherited)",
					"\"$(SRCROOT)/ffmpeg-iOS/dependencies/lib\"",
				);
				PRODUCT_NAME = RosyWriter;
				VALIDATE_PRODUCT = YES;
				VALID_ARCHS = armv7;
			};
			name = Release;
		};
		C01FCF4F08A954540054247B /* Debug */ = {
			isa = XCBuildConfiguration;
			buildSettings = {
				ARCHS = "$(ARCHS_STANDARD_32_BIT)";
				CODE_SIGN_IDENTITY = "iPhone Developer";
				"CODE_SIGN_IDENTITY[sdk=iphoneos*]" = "iPhone Developer";
				GCC_C_LANGUAGE_STANDARD = c99;
				GCC_WARN_ABOUT_MISSING_PROTOTYPES = YES;
				GCC_WARN_ABOUT_RETURN_TYPE = YES;
				GCC_WARN_UNUSED_VARIABLE = YES;
				PROVISIONING_PROFILE = "";
				"PROVISIONING_PROFILE[sdk=iphoneos*]" = "";
				RUN_CLANG_STATIC_ANALYZER = YES;
				SDKROOT = iphoneos;
				TARGETED_DEVICE_FAMILY = "1,2";
			};
			name = Debug;
		};
		C01FCF5008A954540054247B /* Release */ = {
			isa = XCBuildConfiguration;
			buildSettings = {
				ARCHS = "$(ARCHS_STANDARD_32_BIT)";
				CODE_SIGN_IDENTITY = "iPhone Developer";
				"CODE_SIGN_IDENTITY[sdk=iphoneos*]" = "iPhone Developer";
				GCC_C_LANGUAGE_STANDARD = c99;
				GCC_WARN_ABOUT_MISSING_PROTOTYPES = YES;
				GCC_WARN_ABOUT_RETURN_TYPE = YES;
				GCC_WARN_UNUSED_VARIABLE = YES;
				OTHER_CFLAGS = "-DNS_BLOCK_ASSERTIONS=1";
				PROVISIONING_PROFILE = "";
				SDKROOT = iphoneos;
				TARGETED_DEVICE_FAMILY = "1,2";
			};
			name = Release;
		};
/* End XCBuildConfiguration section */

/* Begin XCConfigurationList section */
		1D6058960D05DD3E006BFB54 /* Build configuration list for PBXNativeTarget "RosyWriter" */ = {
			isa = XCConfigurationList;
			buildConfigurations = (
				1D6058940D05DD3E006BFB54 /* Debug */,
				1D6058950D05DD3E006BFB54 /* Release */,
			);
			defaultConfigurationIsVisible = 0;
			defaultConfigurationName = Release;
		};
		C01FCF4E08A954540054247B /* Build configuration list for PBXProject "RosyWriter" */ = {
			isa = XCConfigurationList;
			buildConfigurations = (
				C01FCF4F08A954540054247B /* Debug */,
				C01FCF5008A954540054247B /* Release */,
			);
			defaultConfigurationIsVisible = 0;
			defaultConfigurationName = Release;
		};
/* End XCConfigurationList section */
	};
	rootObject = 29B97313FDCFA39411CA2CEA /* Project object */;
}
